
Microsoft Visual Studio Solution File, Format Version 12.00
# Visual Studio 15
VisualStudioVersion = 15.0.28307.572
MinimumVisualStudioVersion = 10.0.40219.1
Project("{9A19103F-16F7-4668-BE54-9A1E7A4F7556}") = "AnewAPIproject", "AnewAPIproject\AnewAPIproject.csproj", "{652CFCC5-1735-40F2-9660-4651CDBC6426}"
EndProject
Global
	GlobalSection(SolutionConfigurationPlatforms) = preSolution
		Debug|Any CPU = Debug|Any CPU
		Release|Any CPU = Release|Any CPU
	EndGlobalSection
	GlobalSection(ProjectConfigurationPlatforms) = postSolution
		{652CFCC5-1735-40F2-9660-4651CDBC6426}.Debug|Any CPU.ActiveCfg = Debug|Any CPU
		{652CFCC5-1735-40F2-9660-4651CDBC6426}.Debug|Any CPU.Build.0 = Debug|Any CPU
		{652CFCC5-1735-40F2-9660-4651CDBC6426}.Release|Any CPU.ActiveCfg = Release|Any CPU
		{652CFCC5-1735-40F2-9660-4651CDBC6426}.Release|Any CPU.Build.0 = Release|Any CPU
	EndGlobalSection
	GlobalSection(SolutionProperties) = preSolution
		HideSolutionNode = FALSE
	EndGlobalSection
	GlobalSection(ExtensibilityGlobals) = postSolution
		SolutionGuid = {3BE14B57-AE58-403A-9318-0F50D7C11235}
	EndGlobalSection
EndGlobal
